// !$*UTF8*$!
{
	archiveVersion = 1;
	classes = {
	};
	objectVersion = 56;
	objects = {

/* Begin PBXBuildFile section */
		9D6E5E712C4BEF5300C3B789 /* AuroraTraceApp.swift in Sources */ = {isa = PBXBuildFile; fileRef = 9D6E5E702C4BEF5300C3B789 /* AuroraTraceApp.swift */; };
		9D6E5E732C4BEF5300C3B789 /* ContentView.swift in Sources */ = {isa = PBXBuildFile; fileRef = 9D6E5E722C4BEF5300C3B789 /* ContentView.swift */; };
		9D6E5E752C4BEF5300C3B789 /* Item.swift in Sources */ = {isa = PBXBuildFile; fileRef = 9D6E5E742C4BEF5300C3B789 /* Item.swift */; };
		9D6E5E772C4BEF5500C3B789 /* Assets.xcassets in Resources */ = {isa = PBXBuildFile; fileRef = 9D6E5E762C4BEF5500C3B789 /* Assets.xcassets */; };
		9D6E5E7A2C4BEF5500C3B789 /* Preview Assets.xcassets in Resources */ = {isa = PBXBuildFile; fileRef = 9D6E5E792C4BEF5500C3B789 /* Preview Assets.xcassets */; };
		9D6E5E862C4BEF5500C3B789 /* AuroraTraceTests.swift in Sources */ = {isa = PBXBuildFile; fileRef = 9D6E5E852C4BEF5500C3B789 /* AuroraTraceTests.swift */; };
		9D6E5E902C4BEF5500C3B789 /* AuroraTraceUITests.swift in Sources */ = {isa = PBXBuildFile; fileRef = 9D6E5E8F2C4BEF5500C3B789 /* AuroraTraceUITests.swift */; };
		9D6E5E922C4BEF5500C3B789 /* AuroraTraceUITestsLaunchTests.swift in Sources */ = {isa = PBXBuildFile; fileRef = 9D6E5E912C4BEF5500C3B789 /* AuroraTraceUITestsLaunchTests.swift */; };
		9D94C7342C4C27F100802A5C /* ServerSocket.swift in Sources */ = {isa = PBXBuildFile; fileRef = 9D94C7332C4C27F100802A5C /* ServerSocket.swift */; };
		9D94C7362C4C2ACD00802A5C /* AuroraBridgeSocket.swift in Sources */ = {isa = PBXBuildFile; fileRef = 9D94C7352C4C2ACD00802A5C /* AuroraBridgeSocket.swift */; };
		9D94C73A2C4C310700802A5C /* SocketServerPreeview.swift in Sources */ = {isa = PBXBuildFile; fileRef = 9D94C7392C4C310700802A5C /* SocketServerPreeview.swift */; };
		9D94C73E2C4C376500802A5C /* NativeTextArea.swift in Sources */ = {isa = PBXBuildFile; fileRef = 9D94C73D2C4C376500802A5C /* NativeTextArea.swift */; };
		9D94C7412C4C97EF00802A5C /* RequestDto.swift in Sources */ = {isa = PBXBuildFile; fileRef = 9D94C7402C4C97EF00802A5C /* RequestDto.swift */; };
		9D94C7432C4C99CA00802A5C /* AppView.swift in Sources */ = {isa = PBXBuildFile; fileRef = 9D94C7422C4C99CA00802A5C /* AppView.swift */; };
		9D94C7462C4C9A0B00802A5C /* AppService.swift in Sources */ = {isa = PBXBuildFile; fileRef = 9D94C7452C4C9A0B00802A5C /* AppService.swift */; };
		9D94C7482C4C9A6400802A5C /* RequestService.swift in Sources */ = {isa = PBXBuildFile; fileRef = 9D94C7472C4C9A6400802A5C /* RequestService.swift */; };
		9D94C74C2C4C9AE600802A5C /* HttpRequest.swift in Sources */ = {isa = PBXBuildFile; fileRef = 9D94C74B2C4C9AE600802A5C /* HttpRequest.swift */; };
		9D94C7522C4CA1BE00802A5C /* Operators.swift in Sources */ = {isa = PBXBuildFile; fileRef = 9D94C7512C4CA1BE00802A5C /* Operators.swift */; };
		9D94C7542C4CA21200802A5C /* Transformable.swift in Sources */ = {isa = PBXBuildFile; fileRef = 9D94C7532C4CA21200802A5C /* Transformable.swift */; };
		9D94C7572C4CA24000802A5C /* HttpRequestTransform.swift in Sources */ = {isa = PBXBuildFile; fileRef = 9D94C7562C4CA24000802A5C /* HttpRequestTransform.swift */; };
		9D94C7592C4CA33300802A5C /* SSLStateTransform.swift in Sources */ = {isa = PBXBuildFile; fileRef = 9D94C7582C4CA33300802A5C /* SSLStateTransform.swift */; };
		9D94C75B2C4CA9A400802A5C /* TimeIntervalTransform.swift in Sources */ = {isa = PBXBuildFile; fileRef = 9D94C75A2C4CA9A400802A5C /* TimeIntervalTransform.swift */; };
		9D94C75F2C4CAEC000802A5C /* AuroraBridgeSocketRepository.swift in Sources */ = {isa = PBXBuildFile; fileRef = 9D94C75E2C4CAEC000802A5C /* AuroraBridgeSocketRepository.swift */; };
		9D94C7612C4CAEE300802A5C /* SocketRepositoryDelegate.swift in Sources */ = {isa = PBXBuildFile; fileRef = 9D94C7602C4CAEE300802A5C /* SocketRepositoryDelegate.swift */; };
		9D94C7632C4CAEFC00802A5C /* SocketRepository.swift in Sources */ = {isa = PBXBuildFile; fileRef = 9D94C7622C4CAEFC00802A5C /* SocketRepository.swift */; };
		9D94C7652C4CB03F00802A5C /* MessageProcessingUseCase.swift in Sources */ = {isa = PBXBuildFile; fileRef = 9D94C7642C4CB03F00802A5C /* MessageProcessingUseCase.swift */; };
		9D94C7682C4CB3B100802A5C /* DynamicSerialize.swift in Sources */ = {isa = PBXBuildFile; fileRef = 9D94C7672C4CB3B100802A5C /* DynamicSerialize.swift */; };
		9D94C76A2C4CB3E900802A5C /* SocketMessageDto.swift in Sources */ = {isa = PBXBuildFile; fileRef = 9D94C7692C4CB3E900802A5C /* SocketMessageDto.swift */; };
		9D94C76D2C4CB4F200802A5C /* SSLState.swift in Sources */ = {isa = PBXBuildFile; fileRef = 9D94C76C2C4CB4F200802A5C /* SSLState.swift */; };
		9D94C76F2C4CB52300802A5C /* SocketMessageType.swift in Sources */ = {isa = PBXBuildFile; fileRef = 9D94C76E2C4CB52300802A5C /* SocketMessageType.swift */; };
		9D94C7712C4CB56B00802A5C /* SocketMessageTypeTransform.swift in Sources */ = {isa = PBXBuildFile; fileRef = 9D94C7702C4CB56B00802A5C /* SocketMessageTypeTransform.swift */; };
		9D94C7732C4CB76800802A5C /* SocketMessage.swift in Sources */ = {isa = PBXBuildFile; fileRef = 9D94C7722C4CB76800802A5C /* SocketMessage.swift */; };
		9D94C7752C4CB9DD00802A5C /* SocketMessageTranform.swift in Sources */ = {isa = PBXBuildFile; fileRef = 9D94C7742C4CB9DD00802A5C /* SocketMessageTranform.swift */; };
		9D94C7772C4CBB6900802A5C /* Decodable+deserialización.swift in Sources */ = {isa = PBXBuildFile; fileRef = 9D94C7762C4CBB6900802A5C /* Decodable+deserialización.swift */; };
		9D94C7792C4D35B400802A5C /* RequestBodyDto.swift in Sources */ = {isa = PBXBuildFile; fileRef = 9D94C7782C4D35B400802A5C /* RequestBodyDto.swift */; };
		9D94C77B2C4D35D400802A5C /* AnyCodable.swift in Sources */ = {isa = PBXBuildFile; fileRef = 9D94C77A2C4D35D400802A5C /* AnyCodable.swift */; };
		9D94C77D2C4D35F400802A5C /* RequestBody.swift in Sources */ = {isa = PBXBuildFile; fileRef = 9D94C77C2C4D35F400802A5C /* RequestBody.swift */; };
		9D94C77F2C4D362900802A5C /* RequestBodyTransform.swift in Sources */ = {isa = PBXBuildFile; fileRef = 9D94C77E2C4D362900802A5C /* RequestBodyTransform.swift */; };
		9D94C7822C4DDB4A00802A5C /* AuroraTableView.swift in Sources */ = {isa = PBXBuildFile; fileRef = 9D94C7812C4DDB4A00802A5C /* AuroraTableView.swift */; };
		9D94C7862C4DDDB900802A5C /* HomeView.swift in Sources */ = {isa = PBXBuildFile; fileRef = 9D94C7852C4DDDB900802A5C /* HomeView.swift */; };
		9D94C7882C4DDDD500802A5C /* HomeViewModel.swift in Sources */ = {isa = PBXBuildFile; fileRef = 9D94C7872C4DDDD500802A5C /* HomeViewModel.swift */; };
		9D94C78A2C4DE1D000802A5C /* HomeModule.swift in Sources */ = {isa = PBXBuildFile; fileRef = 9D94C7892C4DE1D000802A5C /* HomeModule.swift */; };
		9D94C78D2C4DE40700802A5C /* AuroraTableRowModelTransform.swift in Sources */ = {isa = PBXBuildFile; fileRef = 9D94C78C2C4DE40700802A5C /* AuroraTableRowModelTransform.swift */; };
		9D94C78F2C4EFB7600802A5C /* RequestDetail.swift in Sources */ = {isa = PBXBuildFile; fileRef = 9D94C78E2C4EFB7600802A5C /* RequestDetail.swift */; };
		9D94C7922C4F127F00802A5C /* UAParserSwift in Frameworks */ = {isa = PBXBuildFile; productRef = 9D94C7912C4F127F00802A5C /* UAParserSwift */; };
/* End PBXBuildFile section */

/* Begin PBXContainerItemProxy section */
		9D6E5E822C4BEF5500C3B789 /* PBXContainerItemProxy */ = {
			isa = PBXContainerItemProxy;
			containerPortal = 9D6E5E652C4BEF5300C3B789 /* Project object */;
			proxyType = 1;
			remoteGlobalIDString = 9D6E5E6C2C4BEF5300C3B789;
			remoteInfo = AuroraTrace;
		};
		9D6E5E8C2C4BEF5500C3B789 /* PBXContainerItemProxy */ = {
			isa = PBXContainerItemProxy;
			containerPortal = 9D6E5E652C4BEF5300C3B789 /* Project object */;
			proxyType = 1;
			remoteGlobalIDString = 9D6E5E6C2C4BEF5300C3B789;
			remoteInfo = AuroraTrace;
		};
/* End PBXContainerItemProxy section */

/* Begin PBXFileReference section */
		9D6E5E6D2C4BEF5300C3B789 /* AuroraTrace.app */ = {isa = PBXFileReference; explicitFileType = wrapper.application; includeInIndex = 0; path = AuroraTrace.app; sourceTree = BUILT_PRODUCTS_DIR; };
		9D6E5E702C4BEF5300C3B789 /* AuroraTraceApp.swift */ = {isa = PBXFileReference; lastKnownFileType = sourcecode.swift; path = AuroraTraceApp.swift; sourceTree = "<group>"; };
		9D6E5E722C4BEF5300C3B789 /* ContentView.swift */ = {isa = PBXFileReference; lastKnownFileType = sourcecode.swift; path = ContentView.swift; sourceTree = "<group>"; };
		9D6E5E742C4BEF5300C3B789 /* Item.swift */ = {isa = PBXFileReference; lastKnownFileType = sourcecode.swift; path = Item.swift; sourceTree = "<group>"; };
		9D6E5E762C4BEF5500C3B789 /* Assets.xcassets */ = {isa = PBXFileReference; lastKnownFileType = folder.assetcatalog; path = Assets.xcassets; sourceTree = "<group>"; };
		9D6E5E792C4BEF5500C3B789 /* Preview Assets.xcassets */ = {isa = PBXFileReference; lastKnownFileType = folder.assetcatalog; path = "Preview Assets.xcassets"; sourceTree = "<group>"; };
		9D6E5E7B2C4BEF5500C3B789 /* Info.plist */ = {isa = PBXFileReference; lastKnownFileType = text.plist.xml; path = Info.plist; sourceTree = "<group>"; };
		9D6E5E7C2C4BEF5500C3B789 /* AuroraTrace.entitlements */ = {isa = PBXFileReference; lastKnownFileType = text.plist.entitlements; path = AuroraTrace.entitlements; sourceTree = "<group>"; };
		9D6E5E812C4BEF5500C3B789 /* AuroraTraceTests.xctest */ = {isa = PBXFileReference; explicitFileType = wrapper.cfbundle; includeInIndex = 0; path = AuroraTraceTests.xctest; sourceTree = BUILT_PRODUCTS_DIR; };
		9D6E5E852C4BEF5500C3B789 /* AuroraTraceTests.swift */ = {isa = PBXFileReference; lastKnownFileType = sourcecode.swift; path = AuroraTraceTests.swift; sourceTree = "<group>"; };
		9D6E5E8B2C4BEF5500C3B789 /* AuroraTraceUITests.xctest */ = {isa = PBXFileReference; explicitFileType = wrapper.cfbundle; includeInIndex = 0; path = AuroraTraceUITests.xctest; sourceTree = BUILT_PRODUCTS_DIR; };
		9D6E5E8F2C4BEF5500C3B789 /* AuroraTraceUITests.swift */ = {isa = PBXFileReference; lastKnownFileType = sourcecode.swift; path = AuroraTraceUITests.swift; sourceTree = "<group>"; };
		9D6E5E912C4BEF5500C3B789 /* AuroraTraceUITestsLaunchTests.swift */ = {isa = PBXFileReference; lastKnownFileType = sourcecode.swift; path = AuroraTraceUITestsLaunchTests.swift; sourceTree = "<group>"; };
		9D94C7332C4C27F100802A5C /* ServerSocket.swift */ = {isa = PBXFileReference; lastKnownFileType = sourcecode.swift; path = ServerSocket.swift; sourceTree = "<group>"; };
		9D94C7352C4C2ACD00802A5C /* AuroraBridgeSocket.swift */ = {isa = PBXFileReference; lastKnownFileType = sourcecode.swift; path = AuroraBridgeSocket.swift; sourceTree = "<group>"; };
		9D94C7392C4C310700802A5C /* SocketServerPreeview.swift */ = {isa = PBXFileReference; lastKnownFileType = sourcecode.swift; path = SocketServerPreeview.swift; sourceTree = "<group>"; };
		9D94C73D2C4C376500802A5C /* NativeTextArea.swift */ = {isa = PBXFileReference; lastKnownFileType = sourcecode.swift; path = NativeTextArea.swift; sourceTree = "<group>"; };
		9D94C7402C4C97EF00802A5C /* RequestDto.swift */ = {isa = PBXFileReference; lastKnownFileType = sourcecode.swift; path = RequestDto.swift; sourceTree = "<group>"; };
		9D94C7422C4C99CA00802A5C /* AppView.swift */ = {isa = PBXFileReference; lastKnownFileType = sourcecode.swift; path = AppView.swift; sourceTree = "<group>"; };
		9D94C7452C4C9A0B00802A5C /* AppService.swift */ = {isa = PBXFileReference; lastKnownFileType = sourcecode.swift; path = AppService.swift; sourceTree = "<group>"; };
		9D94C7472C4C9A6400802A5C /* RequestService.swift */ = {isa = PBXFileReference; lastKnownFileType = sourcecode.swift; path = RequestService.swift; sourceTree = "<group>"; };
		9D94C74B2C4C9AE600802A5C /* HttpRequest.swift */ = {isa = PBXFileReference; lastKnownFileType = sourcecode.swift; path = HttpRequest.swift; sourceTree = "<group>"; };
		9D94C7512C4CA1BE00802A5C /* Operators.swift */ = {isa = PBXFileReference; lastKnownFileType = sourcecode.swift; path = Operators.swift; sourceTree = "<group>"; };
		9D94C7532C4CA21200802A5C /* Transformable.swift */ = {isa = PBXFileReference; lastKnownFileType = sourcecode.swift; path = Transformable.swift; sourceTree = "<group>"; };
		9D94C7562C4CA24000802A5C /* HttpRequestTransform.swift */ = {isa = PBXFileReference; lastKnownFileType = sourcecode.swift; path = HttpRequestTransform.swift; sourceTree = "<group>"; };
		9D94C7582C4CA33300802A5C /* SSLStateTransform.swift */ = {isa = PBXFileReference; lastKnownFileType = sourcecode.swift; path = SSLStateTransform.swift; sourceTree = "<group>"; };
		9D94C75A2C4CA9A400802A5C /* TimeIntervalTransform.swift */ = {isa = PBXFileReference; lastKnownFileType = sourcecode.swift; path = TimeIntervalTransform.swift; sourceTree = "<group>"; };
		9D94C75E2C4CAEC000802A5C /* AuroraBridgeSocketRepository.swift */ = {isa = PBXFileReference; lastKnownFileType = sourcecode.swift; path = AuroraBridgeSocketRepository.swift; sourceTree = "<group>"; };
		9D94C7602C4CAEE300802A5C /* SocketRepositoryDelegate.swift */ = {isa = PBXFileReference; lastKnownFileType = sourcecode.swift; path = SocketRepositoryDelegate.swift; sourceTree = "<group>"; };
		9D94C7622C4CAEFC00802A5C /* SocketRepository.swift */ = {isa = PBXFileReference; lastKnownFileType = sourcecode.swift; path = SocketRepository.swift; sourceTree = "<group>"; };
		9D94C7642C4CB03F00802A5C /* MessageProcessingUseCase.swift */ = {isa = PBXFileReference; lastKnownFileType = sourcecode.swift; path = MessageProcessingUseCase.swift; sourceTree = "<group>"; };
		9D94C7672C4CB3B100802A5C /* DynamicSerialize.swift */ = {isa = PBXFileReference; lastKnownFileType = sourcecode.swift; path = DynamicSerialize.swift; sourceTree = "<group>"; };
		9D94C7692C4CB3E900802A5C /* SocketMessageDto.swift */ = {isa = PBXFileReference; lastKnownFileType = sourcecode.swift; path = SocketMessageDto.swift; sourceTree = "<group>"; };
		9D94C76C2C4CB4F200802A5C /* SSLState.swift */ = {isa = PBXFileReference; lastKnownFileType = sourcecode.swift; path = SSLState.swift; sourceTree = "<group>"; };
		9D94C76E2C4CB52300802A5C /* SocketMessageType.swift */ = {isa = PBXFileReference; lastKnownFileType = sourcecode.swift; path = SocketMessageType.swift; sourceTree = "<group>"; };
		9D94C7702C4CB56B00802A5C /* SocketMessageTypeTransform.swift */ = {isa = PBXFileReference; lastKnownFileType = sourcecode.swift; path = SocketMessageTypeTransform.swift; sourceTree = "<group>"; };
		9D94C7722C4CB76800802A5C /* SocketMessage.swift */ = {isa = PBXFileReference; lastKnownFileType = sourcecode.swift; path = SocketMessage.swift; sourceTree = "<group>"; };
		9D94C7742C4CB9DD00802A5C /* SocketMessageTranform.swift */ = {isa = PBXFileReference; lastKnownFileType = sourcecode.swift; path = SocketMessageTranform.swift; sourceTree = "<group>"; };
		9D94C7762C4CBB6900802A5C /* Decodable+deserialización.swift */ = {isa = PBXFileReference; lastKnownFileType = sourcecode.swift; path = "Decodable+deserialización.swift"; sourceTree = "<group>"; };
		9D94C7782C4D35B400802A5C /* RequestBodyDto.swift */ = {isa = PBXFileReference; lastKnownFileType = sourcecode.swift; path = RequestBodyDto.swift; sourceTree = "<group>"; };
		9D94C77A2C4D35D400802A5C /* AnyCodable.swift */ = {isa = PBXFileReference; lastKnownFileType = sourcecode.swift; path = AnyCodable.swift; sourceTree = "<group>"; };
		9D94C77C2C4D35F400802A5C /* RequestBody.swift */ = {isa = PBXFileReference; lastKnownFileType = sourcecode.swift; path = RequestBody.swift; sourceTree = "<group>"; };
		9D94C77E2C4D362900802A5C /* RequestBodyTransform.swift */ = {isa = PBXFileReference; lastKnownFileType = sourcecode.swift; path = RequestBodyTransform.swift; sourceTree = "<group>"; };
		9D94C7812C4DDB4A00802A5C /* AuroraTableView.swift */ = {isa = PBXFileReference; lastKnownFileType = sourcecode.swift; path = AuroraTableView.swift; sourceTree = "<group>"; };
		9D94C7852C4DDDB900802A5C /* HomeView.swift */ = {isa = PBXFileReference; lastKnownFileType = sourcecode.swift; path = HomeView.swift; sourceTree = "<group>"; };
		9D94C7872C4DDDD500802A5C /* HomeViewModel.swift */ = {isa = PBXFileReference; lastKnownFileType = sourcecode.swift; path = HomeViewModel.swift; sourceTree = "<group>"; };
		9D94C7892C4DE1D000802A5C /* HomeModule.swift */ = {isa = PBXFileReference; lastKnownFileType = sourcecode.swift; path = HomeModule.swift; sourceTree = "<group>"; };
		9D94C78C2C4DE40700802A5C /* AuroraTableRowModelTransform.swift */ = {isa = PBXFileReference; lastKnownFileType = sourcecode.swift; path = AuroraTableRowModelTransform.swift; sourceTree = "<group>"; };
		9D94C78E2C4EFB7600802A5C /* RequestDetail.swift */ = {isa = PBXFileReference; lastKnownFileType = sourcecode.swift; path = RequestDetail.swift; sourceTree = "<group>"; };
/* End PBXFileReference section */

/* Begin PBXFrameworksBuildPhase section */
		9D6E5E6A2C4BEF5300C3B789 /* Frameworks */ = {
			isa = PBXFrameworksBuildPhase;
			buildActionMask = 2147483647;
			files = (
				9D94C7922C4F127F00802A5C /* UAParserSwift in Frameworks */,
			);
			runOnlyForDeploymentPostprocessing = 0;
		};
		9D6E5E7E2C4BEF5500C3B789 /* Frameworks */ = {
			isa = PBXFrameworksBuildPhase;
			buildActionMask = 2147483647;
			files = (
			);
			runOnlyForDeploymentPostprocessing = 0;
		};
		9D6E5E882C4BEF5500C3B789 /* Frameworks */ = {
			isa = PBXFrameworksBuildPhase;
			buildActionMask = 2147483647;
			files = (
			);
			runOnlyForDeploymentPostprocessing = 0;
		};
/* End PBXFrameworksBuildPhase section */

/* Begin PBXGroup section */
		9D6E5E642C4BEF5300C3B789 = {
			isa = PBXGroup;
			children = (
				9D6E5E6F2C4BEF5300C3B789 /* AuroraTrace */,
				9D6E5E842C4BEF5500C3B789 /* AuroraTraceTests */,
				9D6E5E8E2C4BEF5500C3B789 /* AuroraTraceUITests */,
				9D6E5E6E2C4BEF5300C3B789 /* Products */,
			);
			sourceTree = "<group>";
		};
		9D6E5E6E2C4BEF5300C3B789 /* Products */ = {
			isa = PBXGroup;
			children = (
				9D6E5E6D2C4BEF5300C3B789 /* AuroraTrace.app */,
				9D6E5E812C4BEF5500C3B789 /* AuroraTraceTests.xctest */,
				9D6E5E8B2C4BEF5500C3B789 /* AuroraTraceUITests.xctest */,
			);
			name = Products;
			sourceTree = "<group>";
		};
		9D6E5E6F2C4BEF5300C3B789 /* AuroraTrace */ = {
			isa = PBXGroup;
			children = (
				9D94C7832C4DDD9B00802A5C /* Features */,
				9D94C7502C4CA1A700802A5C /* Utils */,
				9D94C7382C4C30E900802A5C /* UI */,
				9D94C7372C4C30A600802A5C /* Data */,
				9D94C72F2C4C27A000802A5C /* Domain */,
				9D6E5E702C4BEF5300C3B789 /* AuroraTraceApp.swift */,
				9D6E5E722C4BEF5300C3B789 /* ContentView.swift */,
				9D6E5E742C4BEF5300C3B789 /* Item.swift */,
				9D6E5E762C4BEF5500C3B789 /* Assets.xcassets */,
				9D6E5E7B2C4BEF5500C3B789 /* Info.plist */,
				9D6E5E7C2C4BEF5500C3B789 /* AuroraTrace.entitlements */,
				9D6E5E782C4BEF5500C3B789 /* Preview Content */,
			);
			path = AuroraTrace;
			sourceTree = "<group>";
		};
		9D6E5E782C4BEF5500C3B789 /* Preview Content */ = {
			isa = PBXGroup;
			children = (
				9D6E5E792C4BEF5500C3B789 /* Preview Assets.xcassets */,
			);
			path = "Preview Content";
			sourceTree = "<group>";
		};
		9D6E5E842C4BEF5500C3B789 /* AuroraTraceTests */ = {
			isa = PBXGroup;
			children = (
				9D6E5E852C4BEF5500C3B789 /* AuroraTraceTests.swift */,
			);
			path = AuroraTraceTests;
			sourceTree = "<group>";
		};
		9D6E5E8E2C4BEF5500C3B789 /* AuroraTraceUITests */ = {
			isa = PBXGroup;
			children = (
				9D6E5E8F2C4BEF5500C3B789 /* AuroraTraceUITests.swift */,
				9D6E5E912C4BEF5500C3B789 /* AuroraTraceUITestsLaunchTests.swift */,
			);
			path = AuroraTraceUITests;
			sourceTree = "<group>";
		};
		9D94C72F2C4C27A000802A5C /* Domain */ = {
			isa = PBXGroup;
			children = (
				9D94C7642C4CB03F00802A5C /* MessageProcessingUseCase.swift */,
			);
			path = Domain;
			sourceTree = "<group>";
		};
		9D94C7322C4C27B400802A5C /* Socket */ = {
			isa = PBXGroup;
			children = (
				9D94C7332C4C27F100802A5C /* ServerSocket.swift */,
				9D94C7352C4C2ACD00802A5C /* AuroraBridgeSocket.swift */,
			);
			path = Socket;
			sourceTree = "<group>";
		};
		9D94C7372C4C30A600802A5C /* Data */ = {
			isa = PBXGroup;
			children = (
				9D94C75D2C4CAEAF00802A5C /* Repository */,
				9D94C7492C4C9AC100802A5C /* Models */,
				9D94C7442C4C99FB00802A5C /* Service */,
				9D94C7322C4C27B400802A5C /* Socket */,
			);
			path = Data;
			sourceTree = "<group>";
		};
		9D94C7382C4C30E900802A5C /* UI */ = {
			isa = PBXGroup;
			children = (
				9D94C73C2C4C375300802A5C /* Components */,
				9D94C73B2C4C374500802A5C /* MOC */,
				9D94C7422C4C99CA00802A5C /* AppView.swift */,
			);
			path = UI;
			sourceTree = "<group>";
		};
		9D94C73B2C4C374500802A5C /* MOC */ = {
			isa = PBXGroup;
			children = (
				9D94C7392C4C310700802A5C /* SocketServerPreeview.swift */,
			);
			path = MOC;
			sourceTree = "<group>";
		};
		9D94C73C2C4C375300802A5C /* Components */ = {
			isa = PBXGroup;
			children = (
				9D94C7802C4DD98C00802A5C /* TableView */,
				9D94C73D2C4C376500802A5C /* NativeTextArea.swift */,
				9D94C78E2C4EFB7600802A5C /* RequestDetail.swift */,
			);
			path = Components;
			sourceTree = "<group>";
		};
		9D94C73F2C4C97D700802A5C /* Dto */ = {
			isa = PBXGroup;
			children = (
				9D94C7402C4C97EF00802A5C /* RequestDto.swift */,
				9D94C7692C4CB3E900802A5C /* SocketMessageDto.swift */,
				9D94C7782C4D35B400802A5C /* RequestBodyDto.swift */,
			);
			path = Dto;
			sourceTree = "<group>";
		};
		9D94C7442C4C99FB00802A5C /* Service */ = {
			isa = PBXGroup;
			children = (
				9D94C7452C4C9A0B00802A5C /* AppService.swift */,
				9D94C7472C4C9A6400802A5C /* RequestService.swift */,
			);
			path = Service;
			sourceTree = "<group>";
		};
		9D94C7492C4C9AC100802A5C /* Models */ = {
			isa = PBXGroup;
			children = (
				9D94C7552C4CA22500802A5C /* Transformables */,
				9D94C74A2C4C9ACF00802A5C /* Entity */,
				9D94C73F2C4C97D700802A5C /* Dto */,
			);
			path = Models;
			sourceTree = "<group>";
		};
		9D94C74A2C4C9ACF00802A5C /* Entity */ = {
			isa = PBXGroup;
			children = (
				9D94C76B2C4CB4E600802A5C /* enums */,
				9D94C74B2C4C9AE600802A5C /* HttpRequest.swift */,
				9D94C7722C4CB76800802A5C /* SocketMessage.swift */,
			);
			path = Entity;
			sourceTree = "<group>";
		};
		9D94C7502C4CA1A700802A5C /* Utils */ = {
			isa = PBXGroup;
			children = (
				9D94C7662C4CB39800802A5C /* Serializer */,
				9D94C7512C4CA1BE00802A5C /* Operators.swift */,
				9D94C7532C4CA21200802A5C /* Transformable.swift */,
			);
			path = Utils;
			sourceTree = "<group>";
		};
		9D94C7552C4CA22500802A5C /* Transformables */ = {
			isa = PBXGroup;
			children = (
				9D94C7562C4CA24000802A5C /* HttpRequestTransform.swift */,
				9D94C7582C4CA33300802A5C /* SSLStateTransform.swift */,
				9D94C75A2C4CA9A400802A5C /* TimeIntervalTransform.swift */,
				9D94C7702C4CB56B00802A5C /* SocketMessageTypeTransform.swift */,
				9D94C7742C4CB9DD00802A5C /* SocketMessageTranform.swift */,
				9D94C77E2C4D362900802A5C /* RequestBodyTransform.swift */,
			);
			path = Transformables;
			sourceTree = "<group>";
		};
		9D94C75D2C4CAEAF00802A5C /* Repository */ = {
			isa = PBXGroup;
			children = (
				9D94C75E2C4CAEC000802A5C /* AuroraBridgeSocketRepository.swift */,
				9D94C7602C4CAEE300802A5C /* SocketRepositoryDelegate.swift */,
				9D94C7622C4CAEFC00802A5C /* SocketRepository.swift */,
			);
			path = Repository;
			sourceTree = "<group>";
		};
		9D94C7662C4CB39800802A5C /* Serializer */ = {
			isa = PBXGroup;
			children = (
				9D94C7672C4CB3B100802A5C /* DynamicSerialize.swift */,
				9D94C7762C4CBB6900802A5C /* Decodable+deserialización.swift */,
				9D94C77A2C4D35D400802A5C /* AnyCodable.swift */,
			);
			path = Serializer;
			sourceTree = "<group>";
		};
		9D94C76B2C4CB4E600802A5C /* enums */ = {
			isa = PBXGroup;
			children = (
				9D94C76C2C4CB4F200802A5C /* SSLState.swift */,
				9D94C76E2C4CB52300802A5C /* SocketMessageType.swift */,
				9D94C77C2C4D35F400802A5C /* RequestBody.swift */,
			);
			path = enums;
			sourceTree = "<group>";
		};
		9D94C7802C4DD98C00802A5C /* TableView */ = {
			isa = PBXGroup;
			children = (
				9D94C7812C4DDB4A00802A5C /* AuroraTableView.swift */,
			);
			path = TableView;
			sourceTree = "<group>";
		};
		9D94C7832C4DDD9B00802A5C /* Features */ = {
			isa = PBXGroup;
			children = (
				9D94C7842C4DDDA200802A5C /* Home */,
			);
			path = Features;
			sourceTree = "<group>";
		};
		9D94C7842C4DDDA200802A5C /* Home */ = {
			isa = PBXGroup;
			children = (
				9D94C78B2C4DE3F100802A5C /* Transform */,
				9D94C7852C4DDDB900802A5C /* HomeView.swift */,
				9D94C7872C4DDDD500802A5C /* HomeViewModel.swift */,
				9D94C7892C4DE1D000802A5C /* HomeModule.swift */,
			);
			path = Home;
			sourceTree = "<group>";
		};
		9D94C78B2C4DE3F100802A5C /* Transform */ = {
			isa = PBXGroup;
			children = (
				9D94C78C2C4DE40700802A5C /* AuroraTableRowModelTransform.swift */,
			);
			path = Transform;
			sourceTree = "<group>";
		};
/* End PBXGroup section */

/* Begin PBXNativeTarget section */
		9D6E5E6C2C4BEF5300C3B789 /* AuroraTrace */ = {
			isa = PBXNativeTarget;
			buildConfigurationList = 9D6E5E952C4BEF5500C3B789 /* Build configuration list for PBXNativeTarget "AuroraTrace" */;
			buildPhases = (
				9D6E5E692C4BEF5300C3B789 /* Sources */,
				9D6E5E6A2C4BEF5300C3B789 /* Frameworks */,
				9D6E5E6B2C4BEF5300C3B789 /* Resources */,
			);
			buildRules = (
			);
			dependencies = (
			);
			name = AuroraTrace;
			packageProductDependencies = (
				9D94C7912C4F127F00802A5C /* UAParserSwift */,
			);
			productName = AuroraTrace;
			productReference = 9D6E5E6D2C4BEF5300C3B789 /* AuroraTrace.app */;
			productType = "com.apple.product-type.application";
		};
		9D6E5E802C4BEF5500C3B789 /* AuroraTraceTests */ = {
			isa = PBXNativeTarget;
			buildConfigurationList = 9D6E5E982C4BEF5500C3B789 /* Build configuration list for PBXNativeTarget "AuroraTraceTests" */;
			buildPhases = (
				9D6E5E7D2C4BEF5500C3B789 /* Sources */,
				9D6E5E7E2C4BEF5500C3B789 /* Frameworks */,
				9D6E5E7F2C4BEF5500C3B789 /* Resources */,
			);
			buildRules = (
			);
			dependencies = (
				9D6E5E832C4BEF5500C3B789 /* PBXTargetDependency */,
			);
			name = AuroraTraceTests;
			productName = AuroraTraceTests;
			productReference = 9D6E5E812C4BEF5500C3B789 /* AuroraTraceTests.xctest */;
			productType = "com.apple.product-type.bundle.unit-test";
		};
		9D6E5E8A2C4BEF5500C3B789 /* AuroraTraceUITests */ = {
			isa = PBXNativeTarget;
			buildConfigurationList = 9D6E5E9B2C4BEF5500C3B789 /* Build configuration list for PBXNativeTarget "AuroraTraceUITests" */;
			buildPhases = (
				9D6E5E872C4BEF5500C3B789 /* Sources */,
				9D6E5E882C4BEF5500C3B789 /* Frameworks */,
				9D6E5E892C4BEF5500C3B789 /* Resources */,
			);
			buildRules = (
			);
			dependencies = (
				9D6E5E8D2C4BEF5500C3B789 /* PBXTargetDependency */,
			);
			name = AuroraTraceUITests;
			productName = AuroraTraceUITests;
			productReference = 9D6E5E8B2C4BEF5500C3B789 /* AuroraTraceUITests.xctest */;
			productType = "com.apple.product-type.bundle.ui-testing";
		};
/* End PBXNativeTarget section */

/* Begin PBXProject section */
		9D6E5E652C4BEF5300C3B789 /* Project object */ = {
			isa = PBXProject;
			attributes = {
				BuildIndependentTargetsInParallel = 1;
				LastSwiftUpdateCheck = 1540;
				LastUpgradeCheck = 1540;
				TargetAttributes = {
					9D6E5E6C2C4BEF5300C3B789 = {
						CreatedOnToolsVersion = 15.4;
					};
					9D6E5E802C4BEF5500C3B789 = {
						CreatedOnToolsVersion = 15.4;
						TestTargetID = 9D6E5E6C2C4BEF5300C3B789;
					};
					9D6E5E8A2C4BEF5500C3B789 = {
						CreatedOnToolsVersion = 15.4;
						TestTargetID = 9D6E5E6C2C4BEF5300C3B789;
					};
				};
			};
			buildConfigurationList = 9D6E5E682C4BEF5300C3B789 /* Build configuration list for PBXProject "AuroraTrace" */;
			compatibilityVersion = "Xcode 14.0";
			developmentRegion = en;
			hasScannedForEncodings = 0;
			knownRegions = (
				en,
				Base,
			);
			mainGroup = 9D6E5E642C4BEF5300C3B789;
			packageReferences = (
				9D94C7902C4F127F00802A5C /* XCRemoteSwiftPackageReference "UAParserSwift" */,
			);
			productRefGroup = 9D6E5E6E2C4BEF5300C3B789 /* Products */;
			projectDirPath = "";
			projectRoot = "";
			targets = (
				9D6E5E6C2C4BEF5300C3B789 /* AuroraTrace */,
				9D6E5E802C4BEF5500C3B789 /* AuroraTraceTests */,
				9D6E5E8A2C4BEF5500C3B789 /* AuroraTraceUITests */,
			);
		};
/* End PBXProject section */

/* Begin PBXResourcesBuildPhase section */
		9D6E5E6B2C4BEF5300C3B789 /* Resources */ = {
			isa = PBXResourcesBuildPhase;
			buildActionMask = 2147483647;
			files = (
				9D6E5E7A2C4BEF5500C3B789 /* Preview Assets.xcassets in Resources */,
				9D6E5E772C4BEF5500C3B789 /* Assets.xcassets in Resources */,
			);
			runOnlyForDeploymentPostprocessing = 0;
		};
		9D6E5E7F2C4BEF5500C3B789 /* Resources */ = {
			isa = PBXResourcesBuildPhase;
			buildActionMask = 2147483647;
			files = (
			);
			runOnlyForDeploymentPostprocessing = 0;
		};
		9D6E5E892C4BEF5500C3B789 /* Resources */ = {
			isa = PBXResourcesBuildPhase;
			buildActionMask = 2147483647;
			files = (
			);
			runOnlyForDeploymentPostprocessing = 0;
		};
/* End PBXResourcesBuildPhase section */

/* Begin PBXSourcesBuildPhase section */
		9D6E5E692C4BEF5300C3B789 /* Sources */ = {
			isa = PBXSourcesBuildPhase;
			buildActionMask = 2147483647;
			files = (
				9D94C78F2C4EFB7600802A5C /* RequestDetail.swift in Sources */,
				9D94C73A2C4C310700802A5C /* SocketServerPreeview.swift in Sources */,
				9D94C78A2C4DE1D000802A5C /* HomeModule.swift in Sources */,
				9D94C7822C4DDB4A00802A5C /* AuroraTableView.swift in Sources */,
				9D94C7712C4CB56B00802A5C /* SocketMessageTypeTransform.swift in Sources */,
				9D94C7652C4CB03F00802A5C /* MessageProcessingUseCase.swift in Sources */,
				9D94C77D2C4D35F400802A5C /* RequestBody.swift in Sources */,
				9D94C7342C4C27F100802A5C /* ServerSocket.swift in Sources */,
				9D94C7572C4CA24000802A5C /* HttpRequestTransform.swift in Sources */,
				9D94C7432C4C99CA00802A5C /* AppView.swift in Sources */,
				9D94C7862C4DDDB900802A5C /* HomeView.swift in Sources */,
				9D94C7482C4C9A6400802A5C /* RequestService.swift in Sources */,
				9D94C7792C4D35B400802A5C /* RequestBodyDto.swift in Sources */,
				9D94C7682C4CB3B100802A5C /* DynamicSerialize.swift in Sources */,
				9D94C7732C4CB76800802A5C /* SocketMessage.swift in Sources */,
				9D6E5E732C4BEF5300C3B789 /* ContentView.swift in Sources */,
				9D94C7412C4C97EF00802A5C /* RequestDto.swift in Sources */,
				9D94C77B2C4D35D400802A5C /* AnyCodable.swift in Sources */,
				9D94C7612C4CAEE300802A5C /* SocketRepositoryDelegate.swift in Sources */,
				9D94C7462C4C9A0B00802A5C /* AppService.swift in Sources */,
				9D94C74C2C4C9AE600802A5C /* HttpRequest.swift in Sources */,
				9D94C7882C4DDDD500802A5C /* HomeViewModel.swift in Sources */,
				9D94C76D2C4CB4F200802A5C /* SSLState.swift in Sources */,
				9D94C7632C4CAEFC00802A5C /* SocketRepository.swift in Sources */,
				9D94C7522C4CA1BE00802A5C /* Operators.swift in Sources */,
				9D6E5E752C4BEF5300C3B789 /* Item.swift in Sources */,
				9D6E5E712C4BEF5300C3B789 /* AuroraTraceApp.swift in Sources */,
				9D94C78D2C4DE40700802A5C /* AuroraTableRowModelTransform.swift in Sources */,
				9D94C73E2C4C376500802A5C /* NativeTextArea.swift in Sources */,
				9D94C7542C4CA21200802A5C /* Transformable.swift in Sources */,
				9D94C76F2C4CB52300802A5C /* SocketMessageType.swift in Sources */,
				9D94C7362C4C2ACD00802A5C /* AuroraBridgeSocket.swift in Sources */,
				9D94C75F2C4CAEC000802A5C /* AuroraBridgeSocketRepository.swift in Sources */,
				9D94C75B2C4CA9A400802A5C /* TimeIntervalTransform.swift in Sources */,
				9D94C7752C4CB9DD00802A5C /* SocketMessageTranform.swift in Sources */,
				9D94C76A2C4CB3E900802A5C /* SocketMessageDto.swift in Sources */,
				9D94C7592C4CA33300802A5C /* SSLStateTransform.swift in Sources */,
				9D94C7772C4CBB6900802A5C /* Decodable+deserialización.swift in Sources */,
				9D94C77F2C4D362900802A5C /* RequestBodyTransform.swift in Sources */,
			);
			runOnlyForDeploymentPostprocessing = 0;
		};
		9D6E5E7D2C4BEF5500C3B789 /* Sources */ = {
			isa = PBXSourcesBuildPhase;
			buildActionMask = 2147483647;
			files = (
				9D6E5E862C4BEF5500C3B789 /* AuroraTraceTests.swift in Sources */,
			);
			runOnlyForDeploymentPostprocessing = 0;
		};
		9D6E5E872C4BEF5500C3B789 /* Sources */ = {
			isa = PBXSourcesBuildPhase;
			buildActionMask = 2147483647;
			files = (
				9D6E5E922C4BEF5500C3B789 /* AuroraTraceUITestsLaunchTests.swift in Sources */,
				9D6E5E902C4BEF5500C3B789 /* AuroraTraceUITests.swift in Sources */,
			);
			runOnlyForDeploymentPostprocessing = 0;
		};
/* End PBXSourcesBuildPhase section */

/* Begin PBXTargetDependency section */
		9D6E5E832C4BEF5500C3B789 /* PBXTargetDependency */ = {
			isa = PBXTargetDependency;
			target = 9D6E5E6C2C4BEF5300C3B789 /* AuroraTrace */;
			targetProxy = 9D6E5E822C4BEF5500C3B789 /* PBXContainerItemProxy */;
		};
		9D6E5E8D2C4BEF5500C3B789 /* PBXTargetDependency */ = {
			isa = PBXTargetDependency;
			target = 9D6E5E6C2C4BEF5300C3B789 /* AuroraTrace */;
			targetProxy = 9D6E5E8C2C4BEF5500C3B789 /* PBXContainerItemProxy */;
		};
/* End PBXTargetDependency section */

/* Begin XCBuildConfiguration section */
		9D6E5E932C4BEF5500C3B789 /* Debug */ = {
			isa = XCBuildConfiguration;
			buildSettings = {
				ALWAYS_SEARCH_USER_PATHS = NO;
				ASSETCATALOG_COMPILER_GENERATE_SWIFT_ASSET_SYMBOL_EXTENSIONS = YES;
				CLANG_ANALYZER_NONNULL = YES;
				CLANG_ANALYZER_NUMBER_OBJECT_CONVERSION = YES_AGGRESSIVE;
				CLANG_CXX_LANGUAGE_STANDARD = "gnu++20";
				CLANG_ENABLE_MODULES = YES;
				CLANG_ENABLE_OBJC_ARC = YES;
				CLANG_ENABLE_OBJC_WEAK = YES;
				CLANG_WARN_BLOCK_CAPTURE_AUTORELEASING = YES;
				CLANG_WARN_BOOL_CONVERSION = YES;
				CLANG_WARN_COMMA = YES;
				CLANG_WARN_CONSTANT_CONVERSION = YES;
				CLANG_WARN_DEPRECATED_OBJC_IMPLEMENTATIONS = YES;
				CLANG_WARN_DIRECT_OBJC_ISA_USAGE = YES_ERROR;
				CLANG_WARN_DOCUMENTATION_COMMENTS = YES;
				CLANG_WARN_EMPTY_BODY = YES;
				CLANG_WARN_ENUM_CONVERSION = YES;
				CLANG_WARN_INFINITE_RECURSION = YES;
				CLANG_WARN_INT_CONVERSION = YES;
				CLANG_WARN_NON_LITERAL_NULL_CONVERSION = YES;
				CLANG_WARN_OBJC_IMPLICIT_RETAIN_SELF = YES;
				CLANG_WARN_OBJC_LITERAL_CONVERSION = YES;
				CLANG_WARN_OBJC_ROOT_CLASS = YES_ERROR;
				CLANG_WARN_QUOTED_INCLUDE_IN_FRAMEWORK_HEADER = YES;
				CLANG_WARN_RANGE_LOOP_ANALYSIS = YES;
				CLANG_WARN_STRICT_PROTOTYPES = YES;
				CLANG_WARN_SUSPICIOUS_MOVE = YES;
				CLANG_WARN_UNGUARDED_AVAILABILITY = YES_AGGRESSIVE;
				CLANG_WARN_UNREACHABLE_CODE = YES;
				CLANG_WARN__DUPLICATE_METHOD_MATCH = YES;
				COPY_PHASE_STRIP = NO;
				DEBUG_INFORMATION_FORMAT = dwarf;
				ENABLE_STRICT_OBJC_MSGSEND = YES;
				ENABLE_TESTABILITY = YES;
				ENABLE_USER_SCRIPT_SANDBOXING = YES;
				GCC_C_LANGUAGE_STANDARD = gnu17;
				GCC_DYNAMIC_NO_PIC = NO;
				GCC_NO_COMMON_BLOCKS = YES;
				GCC_OPTIMIZATION_LEVEL = 0;
				GCC_PREPROCESSOR_DEFINITIONS = (
					"DEBUG=1",
					"$(inherited)",
				);
				GCC_WARN_64_TO_32_BIT_CONVERSION = YES;
				GCC_WARN_ABOUT_RETURN_TYPE = YES_ERROR;
				GCC_WARN_UNDECLARED_SELECTOR = YES;
				GCC_WARN_UNINITIALIZED_AUTOS = YES_AGGRESSIVE;
				GCC_WARN_UNUSED_FUNCTION = YES;
				GCC_WARN_UNUSED_VARIABLE = YES;
				LOCALIZATION_PREFERS_STRING_CATALOGS = YES;
				MACOSX_DEPLOYMENT_TARGET = 14.5;
				MTL_ENABLE_DEBUG_INFO = INCLUDE_SOURCE;
				MTL_FAST_MATH = YES;
				ONLY_ACTIVE_ARCH = YES;
				SDKROOT = macosx;
				SWIFT_ACTIVE_COMPILATION_CONDITIONS = "DEBUG $(inherited)";
				SWIFT_OPTIMIZATION_LEVEL = "-Onone";
			};
			name = Debug;
		};
		9D6E5E942C4BEF5500C3B789 /* Release */ = {
			isa = XCBuildConfiguration;
			buildSettings = {
				ALWAYS_SEARCH_USER_PATHS = NO;
				ASSETCATALOG_COMPILER_GENERATE_SWIFT_ASSET_SYMBOL_EXTENSIONS = YES;
				CLANG_ANALYZER_NONNULL = YES;
				CLANG_ANALYZER_NUMBER_OBJECT_CONVERSION = YES_AGGRESSIVE;
				CLANG_CXX_LANGUAGE_STANDARD = "gnu++20";
				CLANG_ENABLE_MODULES = YES;
				CLANG_ENABLE_OBJC_ARC = YES;
				CLANG_ENABLE_OBJC_WEAK = YES;
				CLANG_WARN_BLOCK_CAPTURE_AUTORELEASING = YES;
				CLANG_WARN_BOOL_CONVERSION = YES;
				CLANG_WARN_COMMA = YES;
				CLANG_WARN_CONSTANT_CONVERSION = YES;
				CLANG_WARN_DEPRECATED_OBJC_IMPLEMENTATIONS = YES;
				CLANG_WARN_DIRECT_OBJC_ISA_USAGE = YES_ERROR;
				CLANG_WARN_DOCUMENTATION_COMMENTS = YES;
				CLANG_WARN_EMPTY_BODY = YES;
				CLANG_WARN_ENUM_CONVERSION = YES;
				CLANG_WARN_INFINITE_RECURSION = YES;
				CLANG_WARN_INT_CONVERSION = YES;
				CLANG_WARN_NON_LITERAL_NULL_CONVERSION = YES;
				CLANG_WARN_OBJC_IMPLICIT_RETAIN_SELF = YES;
				CLANG_WARN_OBJC_LITERAL_CONVERSION = YES;
				CLANG_WARN_OBJC_ROOT_CLASS = YES_ERROR;
				CLANG_WARN_QUOTED_INCLUDE_IN_FRAMEWORK_HEADER = YES;
				CLANG_WARN_RANGE_LOOP_ANALYSIS = YES;
				CLANG_WARN_STRICT_PROTOTYPES = YES;
				CLANG_WARN_SUSPICIOUS_MOVE = YES;
				CLANG_WARN_UNGUARDED_AVAILABILITY = YES_AGGRESSIVE;
				CLANG_WARN_UNREACHABLE_CODE = YES;
				CLANG_WARN__DUPLICATE_METHOD_MATCH = YES;
				COPY_PHASE_STRIP = NO;
				DEBUG_INFORMATION_FORMAT = "dwarf-with-dsym";
				ENABLE_NS_ASSERTIONS = NO;
				ENABLE_STRICT_OBJC_MSGSEND = YES;
				ENABLE_USER_SCRIPT_SANDBOXING = YES;
				GCC_C_LANGUAGE_STANDARD = gnu17;
				GCC_NO_COMMON_BLOCKS = YES;
				GCC_WARN_64_TO_32_BIT_CONVERSION = YES;
				GCC_WARN_ABOUT_RETURN_TYPE = YES_ERROR;
				GCC_WARN_UNDECLARED_SELECTOR = YES;
				GCC_WARN_UNINITIALIZED_AUTOS = YES_AGGRESSIVE;
				GCC_WARN_UNUSED_FUNCTION = YES;
				GCC_WARN_UNUSED_VARIABLE = YES;
				LOCALIZATION_PREFERS_STRING_CATALOGS = YES;
				MACOSX_DEPLOYMENT_TARGET = 14.5;
				MTL_ENABLE_DEBUG_INFO = NO;
				MTL_FAST_MATH = YES;
				SDKROOT = macosx;
				SWIFT_COMPILATION_MODE = wholemodule;
			};
			name = Release;
		};
		9D6E5E962C4BEF5500C3B789 /* Debug */ = {
			isa = XCBuildConfiguration;
			buildSettings = {
				ASSETCATALOG_COMPILER_APPICON_NAME = AppIcon;
				ASSETCATALOG_COMPILER_GLOBAL_ACCENT_COLOR_NAME = AccentColor;
				CODE_SIGN_ENTITLEMENTS = AuroraTrace/AuroraTrace.entitlements;
				CODE_SIGN_STYLE = Automatic;
				COMBINE_HIDPI_IMAGES = YES;
				CURRENT_PROJECT_VERSION = 1;
				DEVELOPMENT_ASSET_PATHS = "\"AuroraTrace/Preview Content\"";
				DEVELOPMENT_TEAM = W7DAJUM9J6;
				ENABLE_HARDENED_RUNTIME = YES;
				ENABLE_PREVIEWS = YES;
				GENERATE_INFOPLIST_FILE = YES;
				INFOPLIST_FILE = AuroraTrace/Info.plist;
				INFOPLIST_KEY_NSHumanReadableCopyright = "";
				LD_RUNPATH_SEARCH_PATHS = (
					"$(inherited)",
					"@executable_path/../Frameworks",
				);
				MACOSX_DEPLOYMENT_TARGET = 14.0;
				MARKETING_VERSION = 1.0;
				PRODUCT_BUNDLE_IDENTIFIER = com.fsaldivar.AuroraTrace;
				PRODUCT_NAME = "$(TARGET_NAME)";
				SWIFT_EMIT_LOC_STRINGS = YES;
				SWIFT_VERSION = 5.0;
			};
			name = Debug;
		};
		9D6E5E972C4BEF5500C3B789 /* Release */ = {
			isa = XCBuildConfiguration;
			buildSettings = {
				ASSETCATALOG_COMPILER_APPICON_NAME = AppIcon;
				ASSETCATALOG_COMPILER_GLOBAL_ACCENT_COLOR_NAME = AccentColor;
				CODE_SIGN_ENTITLEMENTS = AuroraTrace/AuroraTrace.entitlements;
				CODE_SIGN_STYLE = Automatic;
				COMBINE_HIDPI_IMAGES = YES;
				CURRENT_PROJECT_VERSION = 1;
				DEVELOPMENT_ASSET_PATHS = "\"AuroraTrace/Preview Content\"";
				DEVELOPMENT_TEAM = W7DAJUM9J6;
				ENABLE_HARDENED_RUNTIME = YES;
				ENABLE_PREVIEWS = YES;
				GENERATE_INFOPLIST_FILE = YES;
				INFOPLIST_FILE = AuroraTrace/Info.plist;
				INFOPLIST_KEY_NSHumanReadableCopyright = "";
				LD_RUNPATH_SEARCH_PATHS = (
					"$(inherited)",
					"@executable_path/../Frameworks",
				);
				MACOSX_DEPLOYMENT_TARGET = 14.0;
				MARKETING_VERSION = 1.0;
				PRODUCT_BUNDLE_IDENTIFIER = com.fsaldivar.AuroraTrace;
				PRODUCT_NAME = "$(TARGET_NAME)";
				SWIFT_EMIT_LOC_STRINGS = YES;
				SWIFT_VERSION = 5.0;
			};
			name = Release;
		};
		9D6E5E992C4BEF5500C3B789 /* Debug */ = {
			isa = XCBuildConfiguration;
			buildSettings = {
				ALWAYS_EMBED_SWIFT_STANDARD_LIBRARIES = YES;
				BUNDLE_LOADER = "$(TEST_HOST)";
				CODE_SIGN_STYLE = Automatic;
				CURRENT_PROJECT_VERSION = 1;
				DEVELOPMENT_TEAM = W7DAJUM9J6;
				GENERATE_INFOPLIST_FILE = YES;
				MACOSX_DEPLOYMENT_TARGET = 14.0;
				MARKETING_VERSION = 1.0;
				PRODUCT_BUNDLE_IDENTIFIER = com.fsaldivar.AuroraTraceTests;
				PRODUCT_NAME = "$(TARGET_NAME)";
				SWIFT_EMIT_LOC_STRINGS = NO;
				SWIFT_VERSION = 5.0;
				TEST_HOST = "$(BUILT_PRODUCTS_DIR)/AuroraTrace.app/$(BUNDLE_EXECUTABLE_FOLDER_PATH)/AuroraTrace";
			};
			name = Debug;
		};
		9D6E5E9A2C4BEF5500C3B789 /* Release */ = {
			isa = XCBuildConfiguration;
			buildSettings = {
				ALWAYS_EMBED_SWIFT_STANDARD_LIBRARIES = YES;
				BUNDLE_LOADER = "$(TEST_HOST)";
				CODE_SIGN_STYLE = Automatic;
				CURRENT_PROJECT_VERSION = 1;
				DEVELOPMENT_TEAM = W7DAJUM9J6;
				GENERATE_INFOPLIST_FILE = YES;
				MACOSX_DEPLOYMENT_TARGET = 14.0;
				MARKETING_VERSION = 1.0;
				PRODUCT_BUNDLE_IDENTIFIER = com.fsaldivar.AuroraTraceTests;
				PRODUCT_NAME = "$(TARGET_NAME)";
				SWIFT_EMIT_LOC_STRINGS = NO;
				SWIFT_VERSION = 5.0;
				TEST_HOST = "$(BUILT_PRODUCTS_DIR)/AuroraTrace.app/$(BUNDLE_EXECUTABLE_FOLDER_PATH)/AuroraTrace";
			};
			name = Release;
		};
		9D6E5E9C2C4BEF5500C3B789 /* Debug */ = {
			isa = XCBuildConfiguration;
			buildSettings = {
				ALWAYS_EMBED_SWIFT_STANDARD_LIBRARIES = YES;
				CODE_SIGN_STYLE = Automatic;
				CURRENT_PROJECT_VERSION = 1;
				DEVELOPMENT_TEAM = W7DAJUM9J6;
				GENERATE_INFOPLIST_FILE = YES;
				MARKETING_VERSION = 1.0;
				PRODUCT_BUNDLE_IDENTIFIER = com.fsaldivar.AuroraTraceUITests;
				PRODUCT_NAME = "$(TARGET_NAME)";
				SWIFT_EMIT_LOC_STRINGS = NO;
				SWIFT_VERSION = 5.0;
				TEST_TARGET_NAME = AuroraTrace;
			};
			name = Debug;
		};
		9D6E5E9D2C4BEF5500C3B789 /* Release */ = {
			isa = XCBuildConfiguration;
			buildSettings = {
				ALWAYS_EMBED_SWIFT_STANDARD_LIBRARIES = YES;
				CODE_SIGN_STYLE = Automatic;
				CURRENT_PROJECT_VERSION = 1;
				DEVELOPMENT_TEAM = W7DAJUM9J6;
				GENERATE_INFOPLIST_FILE = YES;
				MARKETING_VERSION = 1.0;
				PRODUCT_BUNDLE_IDENTIFIER = com.fsaldivar.AuroraTraceUITests;
				PRODUCT_NAME = "$(TARGET_NAME)";
				SWIFT_EMIT_LOC_STRINGS = NO;
				SWIFT_VERSION = 5.0;
				TEST_TARGET_NAME = AuroraTrace;
			};
			name = Release;
		};
/* End XCBuildConfiguration section */

/* Begin XCConfigurationList section */
		9D6E5E682C4BEF5300C3B789 /* Build configuration list for PBXProject "AuroraTrace" */ = {
			isa = XCConfigurationList;
			buildConfigurations = (
				9D6E5E932C4BEF5500C3B789 /* Debug */,
				9D6E5E942C4BEF5500C3B789 /* Release */,
			);
			defaultConfigurationIsVisible = 0;
			defaultConfigurationName = Release;
		};
		9D6E5E952C4BEF5500C3B789 /* Build configuration list for PBXNativeTarget "AuroraTrace" */ = {
			isa = XCConfigurationList;
			buildConfigurations = (
				9D6E5E962C4BEF5500C3B789 /* Debug */,
				9D6E5E972C4BEF5500C3B789 /* Release */,
			);
			defaultConfigurationIsVisible = 0;
			defaultConfigurationName = Release;
		};
		9D6E5E982C4BEF5500C3B789 /* Build configuration list for PBXNativeTarget "AuroraTraceTests" */ = {
			isa = XCConfigurationList;
			buildConfigurations = (
				9D6E5E992C4BEF5500C3B789 /* Debug */,
				9D6E5E9A2C4BEF5500C3B789 /* Release */,
			);
			defaultConfigurationIsVisible = 0;
			defaultConfigurationName = Release;
		};
		9D6E5E9B2C4BEF5500C3B789 /* Build configuration list for PBXNativeTarget "AuroraTraceUITests" */ = {
			isa = XCConfigurationList;
			buildConfigurations = (
				9D6E5E9C2C4BEF5500C3B789 /* Debug */,
				9D6E5E9D2C4BEF5500C3B789 /* Release */,
			);
			defaultConfigurationIsVisible = 0;
			defaultConfigurationName = Release;
		};
/* End XCConfigurationList section */

/* Begin XCRemoteSwiftPackageReference section */
		9D94C7902C4F127F00802A5C /* XCRemoteSwiftPackageReference "UAParserSwift" */ = {
			isa = XCRemoteSwiftPackageReference;
			repositoryURL = "https://github.com/malcommac/UAParserSwift.git";
			requirement = {
				kind = upToNextMajorVersion;
				minimumVersion = 1.2.1;
			};
		};
/* End XCRemoteSwiftPackageReference section */

/* Begin XCSwiftPackageProductDependency section */
		9D94C7912C4F127F00802A5C /* UAParserSwift */ = {
			isa = XCSwiftPackageProductDependency;
			package = 9D94C7902C4F127F00802A5C /* XCRemoteSwiftPackageReference "UAParserSwift" */;
			productName = UAParserSwift;
		};
/* End XCSwiftPackageProductDependency section */
	};
	rootObject = 9D6E5E652C4BEF5300C3B789 /* Project object */;
}
